# This file is automatically @generated by Poetry 2.1.3 and should not be changed by hand.

[[package]]
name = "colorama"
version = "0.4.6"
description = "Cross-platform colored terminal text."
optional = false
python-versions = "!=3.0.*,!=3.1.*,!=3.2.*,!=3.3.*,!=3.4.*,!=3.5.*,!=3.6.*,>=2.7"
groups = ["test"]
markers = "sys_platform == \"win32\""
files = [
    {file = "colorama-0.4.6-py2.py3-none-any.whl", hash = "sha256:4f1d9991f5acc0ca119f9d443620b77f9d6b33703e51011c16baf57afb285fc6"},
    {file = "colorama-0.4.6.tar.gz", hash = "sha256:08695f5cb7ed6e0531a20572697297273c47b8cae5a63ffc6d6ed5c201be6e44"},
]

[[package]]
name = "iniconfig"
version = "2.0.0"
description = "brain-dead simple config-ini parsing"
optional = false
python-versions = ">=3.7"
groups = ["test"]
files = [
    {file = "iniconfig-2.0.0-py3-none-any.whl", hash = "sha256:b6a85871a79d2e3b22d2d1b94ac2824226a63c6b741c88f7ae975f18b6778374"},
    {file = "iniconfig-2.0.0.tar.gz", hash = "sha256:2d91e135bf72d31a410b17c16da610a82cb55f6b0477d1a902134b24a455b8b3"},
]

[[package]]
name = "numpy"
version = "2.3.1"
description = "Fundamental package for array computing in Python"
optional = false
python-versions = ">=3.11"
groups = ["main", "dev"]
markers = "python_version < \"3.14\""
files = [
    {file = "numpy-2.3.1-cp311-cp311-macosx_10_9_x86_64.whl", hash = "sha256:6ea9e48336a402551f52cd8f593343699003d2353daa4b72ce8d34f66b722070"},
    {file = "numpy-2.3.1-cp311-cp311-macosx_11_0_arm64.whl", hash = "sha256:5ccb7336eaf0e77c1635b232c141846493a588ec9ea777a7c24d7166bb8533ae"},
    {file = "numpy-2.3.1-cp311-cp311-macosx_14_0_arm64.whl", hash = "sha256:0bb3a4a61e1d327e035275d2a993c96fa786e4913aa089843e6a2d9dd205c66a"},
    {file = "numpy-2.3.1-cp311-cp311-macosx_14_0_x86_64.whl", hash = "sha256:e344eb79dab01f1e838ebb67aab09965fb271d6da6b00adda26328ac27d4a66e"},
    {file = "numpy-2.3.1-cp311-cp311-manylinux_2_28_aarch64.whl", hash = "sha256:467db865b392168ceb1ef1ffa6f5a86e62468c43e0cfb4ab6da667ede10e58db"},
    {file = "numpy-2.3.1-cp311-cp311-manylinux_2_28_x86_64.whl", hash = "sha256:afed2ce4a84f6b0fc6c1ce734ff368cbf5a5e24e8954a338f3bdffa0718adffb"},
    {file = "numpy-2.3.1-cp311-cp311-musllinux_1_2_aarch64.whl", hash = "sha256:0025048b3c1557a20bc80d06fdeb8cc7fc193721484cca82b2cfa072fec71a93"},
    {file = "numpy-2.3.1-cp311-cp311-musllinux_1_2_x86_64.whl", hash = "sha256:a5ee121b60aa509679b682819c602579e1df14a5b07fe95671c8849aad8f2115"},
    {file = "numpy-2.3.1-cp311-cp311-win32.whl", hash = "sha256:a8b740f5579ae4585831b3cf0e3b0425c667274f82a484866d2adf9570539369"},
    {file = "numpy-2.3.1-cp311-cp311-win_amd64.whl", hash = "sha256:d4580adadc53311b163444f877e0789f1c8861e2698f6b2a4ca852fda154f3ff"},
    {file = "numpy-2.3.1-cp311-cp311-win_arm64.whl", hash = "sha256:ec0bdafa906f95adc9a0c6f26a4871fa753f25caaa0e032578a30457bff0af6a"},
    {file = "numpy-2.3.1-cp312-cp312-macosx_10_13_x86_64.whl", hash = "sha256:2959d8f268f3d8ee402b04a9ec4bb7604555aeacf78b360dc4ec27f1d508177d"},
    {file = "numpy-2.3.1-cp312-cp312-macosx_11_0_arm64.whl", hash = "sha256:762e0c0c6b56bdedfef9a8e1d4538556438288c4276901ea008ae44091954e29"},
    {file = "numpy-2.3.1-cp312-cp312-macosx_14_0_arm64.whl", hash = "sha256:867ef172a0976aaa1f1d1b63cf2090de8b636a7674607d514505fb7276ab08fc"},
    {file = "numpy-2.3.1-cp312-cp312-macosx_14_0_x86_64.whl", hash = "sha256:4e602e1b8682c2b833af89ba641ad4176053aaa50f5cacda1a27004352dde943"},
    {file = "numpy-2.3.1-cp312-cp312-manylinux_2_28_aarch64.whl", hash = "sha256:8e333040d069eba1652fb08962ec5b76af7f2c7bce1df7e1418c8055cf776f25"},
    {file = "numpy-2.3.1-cp312-cp312-manylinux_2_28_x86_64.whl", hash = "sha256:e7cbf5a5eafd8d230a3ce356d892512185230e4781a361229bd902ff403bc660"},
    {file = "numpy-2.3.1-cp312-cp312-musllinux_1_2_aarch64.whl", hash = "sha256:5f1b8f26d1086835f442286c1d9b64bb3974b0b1e41bb105358fd07d20872952"},
    {file = "numpy-2.3.1-cp312-cp312-musllinux_1_2_x86_64.whl", hash = "sha256:ee8340cb48c9b7a5899d1149eece41ca535513a9698098edbade2a8e7a84da77"},
    {file = "numpy-2.3.1-cp312-cp312-win32.whl", hash = "sha256:e772dda20a6002ef7061713dc1e2585bc1b534e7909b2030b5a46dae8ff077ab"},
    {file = "numpy-2.3.1-cp312-cp312-win_amd64.whl", hash = "sha256:cfecc7822543abdea6de08758091da655ea2210b8ffa1faf116b940693d3df76"},
    {file = "numpy-2.3.1-cp312-cp312-win_arm64.whl", hash = "sha256:7be91b2239af2658653c5bb6f1b8bccafaf08226a258caf78ce44710a0160d30"},
    {file = "numpy-2.3.1-cp313-cp313-macosx_10_13_x86_64.whl", hash = "sha256:25a1992b0a3fdcdaec9f552ef10d8103186f5397ab45e2d25f8ac51b1a6b97e8"},
    {file = "numpy-2.3.1-cp313-cp313-macosx_11_0_arm64.whl", hash = "sha256:7dea630156d39b02a63c18f508f85010230409db5b2927ba59c8ba4ab3e8272e"},
    {file = "numpy-2.3.1-cp313-cp313-macosx_14_0_arm64.whl", hash = "sha256:bada6058dd886061f10ea15f230ccf7dfff40572e99fef440a4a857c8728c9c0"},
    {file = "numpy-2.3.1-cp313-cp313-macosx_14_0_x86_64.whl", hash = "sha256:a894f3816eb17b29e4783e5873f92faf55b710c2519e5c351767c51f79d8526d"},
    {file = "numpy-2.3.1-cp313-cp313-manylinux_2_28_aarch64.whl", hash = "sha256:18703df6c4a4fee55fd3d6e5a253d01c5d33a295409b03fda0c86b3ca2ff41a1"},
    {file = "numpy-2.3.1-cp313-cp313-manylinux_2_28_x86_64.whl", hash = "sha256:5902660491bd7a48b2ec16c23ccb9124b8abfd9583c5fdfa123fe6b421e03de1"},
    {file = "numpy-2.3.1-cp313-cp313-musllinux_1_2_aarch64.whl", hash = "sha256:36890eb9e9d2081137bd78d29050ba63b8dab95dff7912eadf1185e80074b2a0"},
    {file = "numpy-2.3.1-cp313-cp313-musllinux_1_2_x86_64.whl", hash = "sha256:a780033466159c2270531e2b8ac063704592a0bc62ec4a1b991c7c40705eb0e8"},
    {file = "numpy-2.3.1-cp313-cp313-win32.whl", hash = "sha256:39bff12c076812595c3a306f22bfe49919c5513aa1e0e70fac756a0be7c2a2b8"},
    {file = "numpy-2.3.1-cp313-cp313-win_amd64.whl", hash = "sha256:8d5ee6eec45f08ce507a6570e06f2f879b374a552087a4179ea7838edbcbfa42"},
    {file = "numpy-2.3.1-cp313-cp313-win_arm64.whl", hash = "sha256:0c4d9e0a8368db90f93bd192bfa771ace63137c3488d198ee21dfb8e7771916e"},
    {file = "numpy-2.3.1-cp313-cp313t-macosx_10_13_x86_64.whl", hash = "sha256:b0b5397374f32ec0649dd98c652a1798192042e715df918c20672c62fb52d4b8"},
    {file = "numpy-2.3.1-cp313-cp313t-macosx_11_0_arm64.whl", hash = "sha256:c5bdf2015ccfcee8253fb8be695516ac4457c743473a43290fd36eba6a1777eb"},
    {file = "numpy-2.3.1-cp313-cp313t-macosx_14_0_arm64.whl", hash = "sha256:d70f20df7f08b90a2062c1f07737dd340adccf2068d0f1b9b3d56e2038979fee"},
    {file = "numpy-2.3.1-cp313-cp313t-macosx_14_0_x86_64.whl", hash = "sha256:2fb86b7e58f9ac50e1e9dd1290154107e47d1eef23a0ae9145ded06ea606f992"},
    {file = "numpy-2.3.1-cp313-cp313t-manylinux_2_28_aarch64.whl", hash = "sha256:23ab05b2d241f76cb883ce8b9a93a680752fbfcbd51c50eff0b88b979e471d8c"},
    {file = "numpy-2.3.1-cp313-cp313t-manylinux_2_28_x86_64.whl", hash = "sha256:ce2ce9e5de4703a673e705183f64fd5da5bf36e7beddcb63a25ee2286e71ca48"},
    {file = "numpy-2.3.1-cp313-cp313t-musllinux_1_2_aarch64.whl", hash = "sha256:c4913079974eeb5c16ccfd2b1f09354b8fed7e0d6f2cab933104a09a6419b1ee"},
    {file = "numpy-2.3.1-cp313-cp313t-musllinux_1_2_x86_64.whl", hash = "sha256:010ce9b4f00d5c036053ca684c77441f2f2c934fd23bee058b4d6f196efd8280"},
    {file = "numpy-2.3.1-cp313-cp313t-win32.whl", hash = "sha256:6269b9edfe32912584ec496d91b00b6d34282ca1d07eb10e82dfc780907d6c2e"},
    {file = "numpy-2.3.1-cp313-cp313t-win_amd64.whl", hash = "sha256:2a809637460e88a113e186e87f228d74ae2852a2e0c44de275263376f17b5bdc"},
    {file = "numpy-2.3.1-cp313-cp313t-win_arm64.whl", hash = "sha256:eccb9a159db9aed60800187bc47a6d3451553f0e1b08b068d8b277ddfbb9b244"},
    {file = "numpy-2.3.1-pp311-pypy311_pp73-macosx_10_15_x86_64.whl", hash = "sha256:ad506d4b09e684394c42c966ec1527f6ebc25da7f4da4b1b056606ffe446b8a3"},
    {file = "numpy-2.3.1-pp311-pypy311_pp73-macosx_14_0_arm64.whl", hash = "sha256:ebb8603d45bc86bbd5edb0d63e52c5fd9e7945d3a503b77e486bd88dde67a19b"},
    {file = "numpy-2.3.1-pp311-pypy311_pp73-macosx_14_0_x86_64.whl", hash = "sha256:15aa4c392ac396e2ad3d0a2680c0f0dee420f9fed14eef09bdb9450ee6dcb7b7"},
    {file = "numpy-2.3.1-pp311-pypy311_pp73-manylinux_2_28_aarch64.whl", hash = "sha256:c6e0bf9d1a2f50d2b65a7cf56db37c095af17b59f6c132396f7c6d5dd76484df"},
    {file = "numpy-2.3.1-pp311-pypy311_pp73-manylinux_2_28_x86_64.whl", hash = "sha256:eabd7e8740d494ce2b4ea0ff05afa1b7b291e978c0ae075487c51e8bd93c0c68"},
    {file = "numpy-2.3.1-pp311-pypy311_pp73-win_amd64.whl", hash = "sha256:e610832418a2bc09d974cc9fecebfa51e9532d6190223bc5ef6a7402ebf3b5cb"},
    {file = "numpy-2.3.1.tar.gz", hash = "sha256:1ec9ae20a4226da374362cca3c62cd753faf2f951440b0e3b98e93c235441d2b"},
]

[[package]]
name = "numpy"
version = "2.4.3"
description = "Fundamental package for array computing in Python"
optional = false
python-versions = ">=3.11"
groups = ["main", "dev"]
markers = "python_version >= \"3.14\""
files = [
    {file = "numpy-2.4.3-cp311-cp311-macosx_10_9_x86_64.whl", hash = "sha256:33b3bf58ee84b172c067f56aeadc7ee9ab6de69c5e800ab5b10295d54c581adb"},
    {file = "numpy-2.4.3-cp311-cp311-macosx_11_0_arm64.whl", hash = "sha256:8ba7b51e71c05aa1f9bc3641463cd82308eab40ce0d5c7e1fd4038cbf9938147"},
    {file = "numpy-2.4.3-cp311-cp311-macosx_14_0_arm64.whl", hash = "sha256:a1988292870c7cb9d0ebb4cc96b4d447513a9644801de54606dc7aabf2b7d920"},
    {file = "numpy-2.4.3-cp311-cp311-macosx_14_0_x86_64.whl", hash = "sha256:23b46bb6d8ecb68b58c09944483c135ae5f0e9b8d8858ece5e4ead783771d2a9"},
    {file = "numpy-2.4.3-cp311-cp311-manylinux_2_27_aarch64.manylinux_2_28_aarch64.whl", hash = "sha256:a016db5c5dba78fa8fe9f5d80d6708f9c42ab087a739803c0ac83a43d686a470"},
    {file = "numpy-2.4.3-cp311-cp311-manylinux_2_27_x86_64.manylinux_2_28_x86_64.whl", hash = "sha256:715de7f82e192e8cae5a507a347d97ad17598f8e026152ca97233e3666daaa71"},
    {file = "numpy-2.4.3-cp311-cp311-musllinux_1_2_aarch64.whl", hash = "sha256:2ddb7919366ee468342b91dea2352824c25b55814a987847b6c52003a7c97f15"},
    {file = "numpy-2.4.3-cp311-cp311-musllinux_1_2_x86_64.whl", hash = "sha256:a315e5234d88067f2d97e1f2ef670a7569df445d55400f1e33d117418d008d52"},
    {file = "numpy-2.4.3-cp311-cp311-win32.whl", hash = "sha256:2b3f8d2c4589b1a2028d2a770b0fc4d1f332fb5e01521f4de3199a896d158ddd"},
    {file = "numpy-2.4.3-cp311-cp311-win_amd64.whl", hash = "sha256:77e76d932c49a75617c6d13464e41203cd410956614d0a0e999b25e9e8d27eec"},
    {file = "numpy-2.4.3-cp311-cp311-win_arm64.whl", hash = "sha256:eb610595dd91560905c132c709412b512135a60f1851ccbd2c959e136431ff67"},
    {file = "numpy-2.4.3-cp312-cp312-macosx_10_13_x86_64.whl", hash = "sha256:61b0cbabbb6126c8df63b9a3a0c4b1f44ebca5e12ff6997b80fcf267fb3150ef"},
    {file = "numpy-2.4.3-cp312-cp312-macosx_11_0_arm64.whl", hash = "sha256:7395e69ff32526710748f92cd8c9849b361830968ea3e24a676f272653e8983e"},
    {file = "numpy-2.4.3-cp312-cp312-macosx_14_0_arm64.whl", hash = "sha256:abdce0f71dcb4a00e4e77f3faf05e4616ceccfe72ccaa07f47ee79cda3b7b0f4"},
    {file = "numpy-2.4.3-cp312-cp312-macosx_14_0_x86_64.whl", hash = "sha256:48da3a4ee1336454b07497ff7ec83903efa5505792c4e6d9bf83d99dc07a1e18"},
    {file = "numpy-2.4.3-cp312-cp312-manylinux_2_27_aarch64.manylinux_2_28_aarch64.whl", hash = "sha256:32e3bef222ad6b052280311d1d60db8e259e4947052c3ae7dd6817451fc8a4c5"},
    {file = "numpy-2.4.3-cp312-cp312-manylinux_2_27_x86_64.manylinux_2_28_x86_64.whl", hash = "sha256:e7dd01a46700b1967487141a66ac1a3cf0dd8ebf1f08db37d46389401512ca97"},
    {file = "numpy-2.4.3-cp312-cp312-musllinux_1_2_aarch64.whl", hash = "sha256:76f0f283506c28b12bba319c0fab98217e9f9b54e6160e9c79e9f7348ba32e9c"},
    {file = "numpy-2.4.3-cp312-cp312-musllinux_1_2_x86_64.whl", hash = "sha256:737f630a337364665aba3b5a77e56a68cc42d350edd010c345d65a3efa3addcc"},
    {file = "numpy-2.4.3-cp312-cp312-win32.whl", hash = "sha256:26952e18d82a1dbbc2f008d402021baa8d6fc8e84347a2072a25e08b46d698b9"},
    {file = "numpy-2.4.3-cp312-cp312-win_amd64.whl", hash = "sha256:65f3c2455188f09678355f5cae1f959a06b778bc66d535da07bf2ef20cd319d5"},
    {file = "numpy-2.4.3-cp312-cp312-win_arm64.whl", hash = "sha256:2abad5c7fef172b3377502bde47892439bae394a71bc329f31df0fd829b41a9e"},
    {file = "numpy-2.4.3-cp313-cp313-macosx_10_13_x86_64.whl", hash = "sha256:b346845443716c8e542d54112966383b448f4a3ba5c66409771b8c0889485dd3"},
    {file = "numpy-2.4.3-cp313-cp313-macosx_11_0_arm64.whl", hash = "sha256:2629289168f4897a3c4e23dc98d6f1731f0fc0fe52fb9db19f974041e4cc12b9"},
    {file = "numpy-2.4.3-cp313-cp313-macosx_14_0_arm64.whl", hash = "sha256:bb2e3cf95854233799013779216c57e153c1ee67a0bf92138acca0e429aefaee"},
    {file = "numpy-2.4.3-cp313-cp313-macosx_14_0_x86_64.whl", hash = "sha256:7f3408ff897f8ab07a07fbe2823d7aee6ff644c097cc1f90382511fe982f647f"},
    {file = "numpy-2.4.3-cp313-cp313-manylinux_2_27_aarch64.manylinux_2_28_aarch64.whl", hash = "sha256:decb0eb8a53c3b009b0962378065589685d66b23467ef5dac16cbe818afde27f"},
    {file = "numpy-2.4.3-cp313-cp313-manylinux_2_27_x86_64.manylinux_2_28_x86_64.whl", hash = "sha256:d5f51900414fc9204a0e0da158ba2ac52b75656e7dce7e77fb9f84bfa343b4cc"},
    {file = "numpy-2.4.3-cp313-cp313-musllinux_1_2_aarch64.whl", hash = "sha256:6bd06731541f89cdc01b261ba2c9e037f1543df7472517836b78dfb15bd6e476"},
    {file = "numpy-2.4.3-cp313-cp313-musllinux_1_2_x86_64.whl", hash = "sha256:22654fe6be0e5206f553a9250762c653d3698e46686eee53b399ab90da59bd92"},
    {file = "numpy-2.4.3-cp313-cp313-win32.whl", hash = "sha256:d71e379452a2f670ccb689ec801b1218cd3983e253105d6e83780967e899d687"},
    {file = "numpy-2.4.3-cp313-cp313-win_amd64.whl", hash = "sha256:0a60e17a14d640f49146cb38e3f105f571318db7826d9b6fef7e4dce758faecd"},
    {file = "numpy-2.4.3-cp313-cp313-win_arm64.whl", hash = "sha256:c9619741e9da2059cd9c3f206110b97583c7152c1dc9f8aafd4beb450ac1c89d"},
    {file = "numpy-2.4.3-cp313-cp313t-macosx_11_0_arm64.whl", hash = "sha256:7aa4e54f6469300ebca1d9eb80acd5253cdfa36f2c03d79a35883687da430875"},
    {file = "numpy-2.4.3-cp313-cp313t-macosx_14_0_arm64.whl", hash = "sha256:d1b90d840b25874cf5cd20c219af10bac3667db3876d9a495609273ebe679070"},
    {file = "numpy-2.4.3-cp313-cp313t-macosx_14_0_x86_64.whl", hash = "sha256:a749547700de0a20a6718293396ec237bb38218049cfce788e08fcb716e8cf73"},
    {file = "numpy-2.4.3-cp313-cp313t-manylinux_2_27_aarch64.manylinux_2_28_aarch64.whl", hash = "sha256:94f3c4a151a2e529adf49c1d54f0f57ff8f9b233ee4d44af623a81553ab86368"},
    {file = "numpy-2.4.3-cp313-cp313t-manylinux_2_27_x86_64.manylinux_2_28_x86_64.whl", hash = "sha256:22c31dc07025123aedf7f2db9e91783df13f1776dc52c6b22c620870dc0fab22"},
    {file = "numpy-2.4.3-cp313-cp313t-musllinux_1_2_aarch64.whl", hash = "sha256:148d59127ac95979d6f07e4d460f934ebdd6eed641db9c0db6c73026f2b2101a"},
    {file = "numpy-2.4.3-cp313-cp313t-musllinux_1_2_x86_64.whl", hash = "sha256:a97cbf7e905c435865c2d939af3d93f99d18eaaa3cabe4256f4304fb51604349"},
    {file = "numpy-2.4.3-cp313-cp313t-win32.whl", hash = "sha256:be3b8487d725a77acccc9924f65fd8bce9af7fac8c9820df1049424a2115af6c"},
    {file = "numpy-2.4.3-cp313-cp313t-win_amd64.whl", hash = "sha256:1ec84fd7c8e652b0f4aaaf2e6e9cc8eaa9b1b80a537e06b2e3a2fb176eedcb26"},
    {file = "numpy-2.4.3-cp313-cp313t-win_arm64.whl", hash = "sha256:120df8c0a81ebbf5b9020c91439fccd85f5e018a927a39f624845be194a2be02"},
    {file = "numpy-2.4.3-cp314-cp314-macosx_10_15_x86_64.whl", hash = "sha256:5884ce5c7acfae1e4e1b6fde43797d10aa506074d25b531b4f54bde33c0c31d4"},
    {file = "numpy-2.4.3-cp314-cp314-macosx_11_0_arm64.whl", hash = "sha256:297837823f5bc572c5f9379b0c9f3a3365f08492cbdc33bcc3af174372ebb168"},
    {file = "numpy-2.4.3-cp314-cp314-macosx_14_0_arm64.whl", hash = "sha256:a111698b4a3f8dcbe54c64a7708f049355abd603e619013c346553c1fd4ca90b"},
    {file = "numpy-2.4.3-cp314-cp314-macosx_14_0_x86_64.whl", hash = "sha256:4bd4741a6a676770e0e97fe9ab2e51de01183df3dcbcec591d26d331a40de950"},
    {file = "numpy-2.4.3-cp314-cp314-manylinux_2_27_aarch64.manylinux_2_28_aarch64.whl", hash = "sha256:54f29b877279d51e210e0c80709ee14ccbbad647810e8f3d375561c45ef613dd"},
    {file = "numpy-2.4.3-cp314-cp314-manylinux_2_27_x86_64.manylinux_2_28_x86_64.whl", hash = "sha256:679f2a834bae9020f81534671c56fd0cc76dd7e5182f57131478e23d0dc59e24"},
    {file = "numpy-2.4.3-cp314-cp314-musllinux_1_2_aarch64.whl", hash = "sha256:d84f0f881cb2225c2dfd7f78a10a5645d487a496c6668d6cc39f0f114164f3d0"},
    {file = "numpy-2.4.3-cp314-cp314-musllinux_1_2_x86_64.whl", hash = "sha256:d213c7e6e8d211888cc359bab7199670a00f5b82c0978b9d1c75baf1eddbeac0"},
    {file = "numpy-2.4.3-cp314-cp314-win32.whl", hash = "sha256:52077feedeff7c76ed7c9f1a0428558e50825347b7545bbb8523da2cd55c547a"},
    {file = "numpy-2.4.3-cp314-cp314-win_amd64.whl", hash = "sha256:0448e7f9caefb34b4b7dd2b77f21e8906e5d6f0365ad525f9f4f530b13df2afc"},
    {file = "numpy-2.4.3-cp314-cp314-win_arm64.whl", hash = "sha256:b44fd60341c4d9783039598efadd03617fa28d041fc37d22b62d08f2027fa0e7"},
    {file = "numpy-2.4.3-cp314-cp314t-macosx_11_0_arm64.whl", hash = "sha256:0a195f4216be9305a73c0e91c9b026a35f2161237cf1c6de9b681637772ea657"},
    {file = "numpy-2.4.3-cp314-cp314t-macosx_14_0_arm64.whl", hash = "sha256:cd32fbacb9fd1bf041bf8e89e4576b6f00b895f06d00914820ae06a616bdfef7"},
    {file = "numpy-2.4.3-cp314-cp314t-macosx_14_0_x86_64.whl", hash = "sha256:2e03c05abaee1f672e9d67bc858f300b5ccba1c21397211e8d77d98350972093"},
    {file = "numpy-2.4.3-cp314-cp314t-manylinux_2_27_aarch64.manylinux_2_28_aarch64.whl", hash = "sha256:7d1ce23cce91fcea443320a9d0ece9b9305d4368875bab09538f7a5b4131938a"},
    {file = "numpy-2.4.3-cp314-cp314t-manylinux_2_27_x86_64.manylinux_2_28_x86_64.whl", hash = "sha256:c59020932feb24ed49ffd03704fbab89f22aa9c0d4b180ff45542fe8918f5611"},
    {file = "numpy-2.4.3-cp314-cp314t-musllinux_1_2_aarch64.whl", hash = "sha256:9684823a78a6cd6ad7511fc5e25b07947d1d5b5e2812c93fe99d7d4195130720"},
    {file = "numpy-2.4.3-cp314-cp314t-musllinux_1_2_x86_64.whl", hash = "sha256:0200b25c687033316fb39f0ff4e3e690e8957a2c3c8d22499891ec58c37a3eb5"},
    {file = "numpy-2.4.3-cp314-cp314t-win32.whl", hash = "sha256:5e10da9e93247e554bb1d22f8edc51847ddd7dde52d85ce31024c1b4312bfba0"},
    {file = "numpy-2.4.3-cp314-cp314t-win_amd64.whl", hash = "sha256:45f003dbdffb997a03da2d1d0cb41fbd24a87507fb41605c0420a3db5bd4667b"},
    {file = "numpy-2.4.3-cp314-cp314t-win_arm64.whl", hash = "sha256:4d382735cecd7bcf090172489a525cd7d4087bc331f7df9f60ddc9a296cf208e"},
    {file = "numpy-2.4.3-pp311-pypy311_pp73-macosx_10_15_x86_64.whl", hash = "sha256:c6b124bfcafb9e8d3ed09130dbee44848c20b3e758b6bbf006e641778927c028"},
    {file = "numpy-2.4.3-pp311-pypy311_pp73-macosx_11_0_arm64.whl", hash = "sha256:76dbb9d4e43c16cf9aa711fcd8de1e2eeb27539dcefb60a1d5e9f12fae1d1ed8"},
    {file = "numpy-2.4.3-pp311-pypy311_pp73-macosx_14_0_arm64.whl", hash = "sha256:29363fbfa6f8ee855d7569c96ce524845e3d726d6c19b29eceec7dd555dab152"},
    {file = "numpy-2.4.3-pp311-pypy311_pp73-macosx_14_0_x86_64.whl", hash = "sha256:bc71942c789ef415a37f0d4eab90341425a00d538cd0642445d30b41023d3395"},
    {file = "numpy-2.4.3-pp311-pypy311_pp73-manylinux_2_27_aarch64.manylinux_2_28_aarch64.whl", hash = "sha256:7e58765ad74dcebd3ef0208a5078fba32dc8ec3578fe84a604432950cd043d79"},
    {file = "numpy-2.4.3-pp311-pypy311_pp73-manylinux_2_27_x86_64.manylinux_2_28_x86_64.whl", hash = "sha256:8e236dbda4e1d319d681afcbb136c0c4a8e0f1a5c58ceec2adebb547357fe857"},
    {file = "numpy-2.4.3-pp311-pypy311_pp73-win_amd64.whl", hash = "sha256:4b42639cdde6d24e732ff823a3fa5b701d8acad89c4142bc1d0bd6dc85200ba5"},
    {file = "numpy-2.4.3.tar.gz", hash = "sha256:483a201202b73495f00dbc83796c6ae63137a9bdade074f7648b3e32613412dd"},
]

[[package]]
name = "packaging"
version = "23.1"
description = "Core utilities for Python packages"
optional = false
python-versions = ">=3.7"
groups = ["test"]
files = [
    {file = "packaging-23.1-py3-none-any.whl", hash = "sha256:994793af429502c4ea2ebf6bf664629d07c1a9fe974af92966e4b8d2df7edc61"},
    {file = "packaging-23.1.tar.gz", hash = "sha256:a392980d2b6cffa644431898be54b0045151319d1e7ec34f0cfed48767dd334f"},
]

[[package]]
name = "pandas"
version = "3.0.1"
description = "Powerful data structures for data analysis, time series, and statistics"
optional = false
python-versions = ">=3.11"
groups = ["main"]
files = [
    {file = "pandas-3.0.1-cp311-cp311-macosx_10_9_x86_64.whl", hash = "sha256:de09668c1bf3b925c07e5762291602f0d789eca1b3a781f99c1c78f6cac0e7ea"},
    {file = "pandas-3.0.1-cp311-cp311-macosx_11_0_arm64.whl", hash = "sha256:24ba315ba3d6e5806063ac6eb717504e499ce30bd8c236d8693a5fd3f084c796"},
    {file = "pandas-3.0.1-cp311-cp311-manylinux_2_24_aarch64.manylinux_2_28_aarch64.whl", hash = "sha256:406ce835c55bac912f2a0dcfaf27c06d73c6b04a5dde45f1fd3169ce31337389"},
    {file = "pandas-3.0.1-cp311-cp311-manylinux_2_24_x86_64.manylinux_2_28_x86_64.whl", hash = "sha256:830994d7e1f31dd7e790045235605ab61cff6c94defc774547e8b7fdfbff3dc7"},
    {file = "pandas-3.0.1-cp311-cp311-musllinux_1_2_aarch64.whl", hash = "sha256:a64ce8b0f2de1d2efd2ae40b0abe7f8ae6b29fbfb3812098ed5a6f8e235ad9bf"},
    {file = "pandas-3.0.1-cp311-cp311-musllinux_1_2_x86_64.whl", hash = "sha256:9832c2c69da24b602c32e0c7b1b508a03949c18ba08d4d9f1c1033426685b447"},
    {file = "pandas-3.0.1-cp311-cp311-win_amd64.whl", hash = "sha256:84f0904a69e7365f79a0c77d3cdfccbfb05bf87847e3a51a41e1426b0edb9c79"},
    {file = "pandas-3.0.1-cp311-cp311-win_arm64.whl", hash = "sha256:4a68773d5a778afb31d12e34f7dd4612ab90de8c6fb1d8ffe5d4a03b955082a1"},
    {file = "pandas-3.0.1-cp312-cp312-macosx_10_13_x86_64.whl", hash = "sha256:476f84f8c20c9f5bc47252b66b4bb25e1a9fc2fa98cead96744d8116cb85771d"},
    {file = "pandas-3.0.1-cp312-cp312-macosx_11_0_arm64.whl", hash = "sha256:0ab749dfba921edf641d4036c4c21c0b3ea70fea478165cb98a998fb2a261955"},
    {file = "pandas-3.0.1-cp312-cp312-manylinux_2_24_aarch64.manylinux_2_28_aarch64.whl", hash = "sha256:b8e36891080b87823aff3640c78649b91b8ff6eea3c0d70aeabd72ea43ab069b"},
    {file = "pandas-3.0.1-cp312-cp312-manylinux_2_24_x86_64.manylinux_2_28_x86_64.whl", hash = "sha256:532527a701281b9dd371e2f582ed9094f4c12dd9ffb82c0c54ee28d8ac9520c4"},
    {file = "pandas-3.0.1-cp312-cp312-musllinux_1_2_aarch64.whl", hash = "sha256:356e5c055ed9b0da1580d465657bc7d00635af4fd47f30afb23025352ba764d1"},
    {file = "pandas-3.0.1-cp312-cp312-musllinux_1_2_x86_64.whl", hash = "sha256:9d810036895f9ad6345b8f2a338dd6998a74e8483847403582cab67745bff821"},
    {file = "pandas-3.0.1-cp312-cp312-win_amd64.whl", hash = "sha256:536232a5fe26dd989bd633e7a0c450705fdc86a207fec7254a55e9a22950fe43"},
    {file = "pandas-3.0.1-cp312-cp312-win_arm64.whl", hash = "sha256:0f463ebfd8de7f326d38037c7363c6dacb857c5881ab8961fb387804d6daf2f7"},
    {file = "pandas-3.0.1-cp313-cp313-macosx_10_13_x86_64.whl", hash = "sha256:5272627187b5d9c20e55d27caf5f2cd23e286aba25cadf73c8590e432e2b7262"},
    {file = "pandas-3.0.1-cp313-cp313-macosx_11_0_arm64.whl", hash = "sha256:661e0f665932af88c7877f31da0dc743fe9c8f2524bdffe23d24fdcb67ef9d56"},
    {file = "pandas-3.0.1-cp313-cp313-manylinux_2_24_aarch64.manylinux_2_28_aarch64.whl", hash = "sha256:75e6e292ff898679e47a2199172593d9f6107fd2dd3617c22c2946e97d5df46e"},
    {file = "pandas-3.0.1-cp313-cp313-manylinux_2_24_x86_64.manylinux_2_28_x86_64.whl", hash = "sha256:1ff8cf1d2896e34343197685f432450ec99a85ba8d90cce2030c5eee2ef98791"},
    {file = "pandas-3.0.1-cp313-cp313-musllinux_1_2_aarch64.whl", hash = "sha256:eca8b4510f6763f3d37359c2105df03a7a221a508f30e396a51d0713d462e68a"},
    {file = "pandas-3.0.1-cp313-cp313-musllinux_1_2_x86_64.whl", hash = "sha256:06aff2ad6f0b94a17822cf8b83bbb563b090ed82ff4fe7712db2ce57cd50d9b8"},
    {file = "pandas-3.0.1-cp313-cp313-win_amd64.whl", hash = "sha256:9fea306c783e28884c29057a1d9baa11a349bbf99538ec1da44c8476563d1b25"},
    {file = "pandas-3.0.1-cp313-cp313-win_arm64.whl", hash = "sha256:a8d37a43c52917427e897cb2e429f67a449327394396a81034a4449b99afda59"},
    {file = "pandas-3.0.1-cp313-cp313t-macosx_10_13_x86_64.whl", hash = "sha256:d54855f04f8246ed7b6fc96b05d4871591143c46c0b6f4af874764ed0d2d6f06"},
    {file = "pandas-3.0.1-cp313-cp313t-macosx_11_0_arm64.whl", hash = "sha256:4e1b677accee34a09e0dc2ce5624e4a58a1870ffe56fc021e9caf7f23cd7668f"},
    {file = "pandas-3.0.1-cp313-cp313t-manylinux_2_24_aarch64.manylinux_2_28_aarch64.whl", hash = "sha256:a9cabbdcd03f1b6cd254d6dda8ae09b0252524be1592594c00b7895916cb1324"},
    {file = "pandas-3.0.1-cp313-cp313t-manylinux_2_24_x86_64.manylinux_2_28_x86_64.whl", hash = "sha256:5ae2ab1f166668b41e770650101e7090824fd34d17915dd9cd479f5c5e0065e9"},
    {file = "pandas-3.0.1-cp313-cp313t-musllinux_1_2_aarch64.whl", hash = "sha256:6bf0603c2e30e2cafac32807b06435f28741135cb8697eae8b28c7d492fc7d76"},
    {file = "pandas-3.0.1-cp313-cp313t-musllinux_1_2_x86_64.whl", hash = "sha256:6c426422973973cae1f4a23e51d4ae85974f44871b24844e4f7de752dd877098"},
    {file = "pandas-3.0.1-cp313-cp313t-win_amd64.whl", hash = "sha256:b03f91ae8c10a85c1613102c7bef5229b5379f343030a3ccefeca8a33414cf35"},
    {file = "pandas-3.0.1-cp314-cp314-macosx_10_15_x86_64.whl", hash = "sha256:99d0f92ed92d3083d140bf6b97774f9f13863924cf3f52a70711f4e7588f9d0a"},
    {file = "pandas-3.0.1-cp314-cp314-macosx_11_0_arm64.whl", hash = "sha256:3b66857e983208654294bb6477b8a63dee26b37bdd0eb34d010556e91261784f"},
    {file = "pandas-3.0.1-cp314-cp314-manylinux_2_24_aarch64.manylinux_2_28_aarch64.whl", hash = "sha256:56cf59638bf24dc9bdf2154c81e248b3289f9a09a6d04e63608c159022352749"},
    {file = "pandas-3.0.1-cp314-cp314-manylinux_2_24_x86_64.manylinux_2_28_x86_64.whl", hash = "sha256:c1a9f55e0f46951874b863d1f3906dcb57df2d9be5c5847ba4dfb55b2c815249"},
    {file = "pandas-3.0.1-cp314-cp314-musllinux_1_2_aarch64.whl", hash = "sha256:1849f0bba9c8a2fb0f691d492b834cc8dadf617e29015c66e989448d58d011ee"},
    {file = "pandas-3.0.1-cp314-cp314-musllinux_1_2_x86_64.whl", hash = "sha256:c3d288439e11b5325b02ae6e9cc83e6805a62c40c5a6220bea9beb899c073b1c"},
    {file = "pandas-3.0.1-cp314-cp314-win_amd64.whl", hash = "sha256:93325b0fe372d192965f4cca88d97667f49557398bbf94abdda3bf1b591dbe66"},
    {file = "pandas-3.0.1-cp314-cp314-win_arm64.whl", hash = "sha256:97ca08674e3287c7148f4858b01136f8bdfe7202ad25ad04fec602dd1d29d132"},
    {file = "pandas-3.0.1-cp314-cp314t-macosx_10_15_x86_64.whl", hash = "sha256:58eeb1b2e0fb322befcf2bbc9ba0af41e616abadb3d3414a6bc7167f6cbfce32"},
    {file = "pandas-3.0.1-cp314-cp314t-macosx_11_0_arm64.whl", hash = "sha256:cd9af1276b5ca9e298bd79a26bda32fa9cc87ed095b2a9a60978d2ca058eaf87"},
    {file = "pandas-3.0.1-cp314-cp314t-manylinux_2_24_aarch64.manylinux_2_28_aarch64.whl", hash = "sha256:94f87a04984d6b63788327cd9f79dda62b7f9043909d2440ceccf709249ca988"},
    {file = "pandas-3.0.1-cp314-cp314t-manylinux_2_24_x86_64.manylinux_2_28_x86_64.whl", hash = "sha256:85fe4c4df62e1e20f9db6ebfb88c844b092c22cd5324bdcf94bfa2fc1b391221"},
    {file = "pandas-3.0.1-cp314-cp314t-musllinux_1_2_aarch64.whl", hash = "sha256:331ca75a2f8672c365ae25c0b29e46f5ac0c6551fdace8eec4cd65e4fac271ff"},
    {file = "pandas-3.0.1-cp314-cp314t-musllinux_1_2_x86_64.whl", hash = "sha256:15860b1fdb1973fffade772fdb931ccf9b2f400a3f5665aef94a00445d7d8dd5"},
    {file = "pandas-3.0.1-cp314-cp314t-win_amd64.whl", hash = "sha256:44f1364411d5670efa692b146c748f4ed013df91ee91e9bec5677fb1fd58b937"},
    {file = "pandas-3.0.1-cp314-cp314t-win_arm64.whl", hash = "sha256:108dd1790337a494aa80e38def654ca3f0968cf4f362c85f44c15e471667102d"},
    {file = "pandas-3.0.1.tar.gz", hash = "sha256:4186a699674af418f655dbd420ed87f50d56b4cd6603784279d9eef6627823c8"},
]

[package.dependencies]
numpy = [
    {version = ">=1.26.0", markers = "python_version < \"3.14\""},
    {version = ">=2.3.3", markers = "python_version >= \"3.14\""},
]
python-dateutil = ">=2.8.2"
tzdata = {version = "*", markers = "sys_platform == \"win32\" or sys_platform == \"emscripten\""}

[package.extras]
all = ["PyQt5 (>=5.15.9)", "SQLAlchemy (>=2.0.36)", "adbc-driver-postgresql (>=1.2.0)", "adbc-driver-sqlite (>=1.2.0)", "beautifulsoup4 (>=4.12.3)", "bottleneck (>=1.4.2)", "fastparquet (>=2024.11.0)", "fsspec (>=2024.10.0)", "gcsfs (>=2024.10.0)", "html5lib (>=1.1)", "hypothesis (>=6.116.0)", "jinja2 (>=3.1.5)", "lxml (>=5.3.0)", "matplotlib (>=3.9.3)", "numba (>=0.60.0)", "numexpr (>=2.10.2)", "odfpy (>=1.4.1)", "openpyxl (>=3.1.5)", "psycopg2 (>=2.9.10)", "pyarrow (>=13.0.0)", "pyiceberg (>=0.8.1)", "pymysql (>=1.1.1)", "pyreadstat (>=1.2.8)", "pytest (>=8.3.4)", "pytest-xdist (>=3.6.1)", "python-calamine (>=0.3.0)", "pytz (>=2024.2)", "pyxlsb (>=1.0.10)", "qtpy (>=2.4.2)", "s3fs (>=2024.10.0)", "scipy (>=1.14.1)", "tables (>=3.10.1)", "tabulate (>=0.9.0)", "xarray (>=2024.10.0)", "xlrd (>=2.0.1)", "xlsxwriter (>=3.2.0)", "zstandard (>=0.23.0)"]
aws = ["s3fs (>=2024.10.0)"]
clipboard = ["PyQt5 (>=5.15.9)", "qtpy (>=2.4.2)"]
compression = ["zstandard (>=0.23.0)"]
computation = ["scipy (>=1.14.1)", "xarray (>=2024.10.0)"]
excel = ["odfpy (>=1.4.1)", "openpyxl (>=3.1.5)", "python-calamine (>=0.3.0)", "pyxlsb (>=1.0.10)", "xlrd (>=2.0.1)", "xlsxwriter (>=3.2.0)"]
feather = ["pyarrow (>=13.0.0)"]
fss = ["fsspec (>=2024.10.0)"]
gcp = ["gcsfs (>=2024.10.0)"]
hdf5 = ["tables (>=3.10.1)"]
html = ["beautifulsoup4 (>=4.12.3)", "html5lib (>=1.1)", "lxml (>=5.3.0)"]
iceberg = ["pyiceberg (>=0.8.1)"]
mysql = ["SQLAlchemy (>=2.0.36)", "pymysql (>=1.1.1)"]
output-formatting = ["jinja2 (>=3.1.5)", "tabulate (>=0.9.0)"]
parquet = ["pyarrow (>=13.0.0)"]
performance = ["bottleneck (>=1.4.2)", "numba (>=0.60.0)", "numexpr (>=2.10.2)"]
plot = ["matplotlib (>=3.9.3)"]
postgresql = ["SQLAlchemy (>=2.0.36)", "adbc-driver-postgresql (>=1.2.0)", "psycopg2 (>=2.9.10)"]
pyarrow = ["pyarrow (>=13.0.0)"]
spss = ["pyreadstat (>=1.2.8)"]
sql-other = ["SQLAlchemy (>=2.0.36)", "adbc-driver-postgresql (>=1.2.0)", "adbc-driver-sqlite (>=1.2.0)"]
test = ["hypothesis (>=6.116.0)", "pytest (>=8.3.4)", "pytest-xdist (>=3.6.1)"]
timezone = ["pytz (>=2024.2)"]
xml = ["lxml (>=5.3.0)"]

[[package]]
name = "pandas-stubs"
version = "3.0.0.260204"
description = "Type annotations for pandas"
optional = false
python-versions = ">=3.11"
groups = ["dev"]
files = [
    {file = "pandas_stubs-3.0.0.260204-py3-none-any.whl", hash = "sha256:5ab9e4d55a6e2752e9720828564af40d48c4f709e6a2c69b743014a6fcb6c241"},
    {file = "pandas_stubs-3.0.0.260204.tar.gz", hash = "sha256:bf9294b76352effcffa9cb85edf0bed1339a7ec0c30b8e1ac3d66b4228f1fbc3"},
]

[package.dependencies]
numpy = ">=1.23.5"

[[package]]
name = "pluggy"
version = "1.6.0"
description = "plugin and hook calling mechanisms for python"
optional = false
python-versions = ">=3.9"
groups = ["test"]
files = [
    {file = "pluggy-1.6.0-py3-none-any.whl", hash = "sha256:e920276dd6813095e9377c0bc5566d94c932c33b27a3e3945d8389c374dd4746"},
    {file = "pluggy-1.6.0.tar.gz", hash = "sha256:7dcc130b76258d33b90f61b658791dede3486c3e6bfb003ee5c9bfb396dd22f3"},
]

[package.extras]
dev = ["pre-commit", "tox"]
testing = ["coverage", "pytest", "pytest-benchmark"]

[[package]]
name = "pygments"
version = "2.19.2"
description = "Pygments is a syntax highlighting package written in Python."
optional = false
python-versions = ">=3.8"
groups = ["test"]
files = [
    {file = "pygments-2.19.2-py3-none-any.whl", hash = "sha256:86540386c03d588bb81d44bc3928634ff26449851e99741617ecb9037ee5ec0b"},
    {file = "pygments-2.19.2.tar.gz", hash = "sha256:636cb2477cec7f8952536970bc533bc43743542f70392ae026374600add5b887"},
]

[package.extras]
windows-terminal = ["colorama (>=0.4.6)"]

[[package]]
name = "pytest"
version = "9.0.2"
description = "pytest: simple powerful testing with Python"
optional = false
python-versions = ">=3.10"
groups = ["test"]
files = [
    {file = "pytest-9.0.2-py3-none-any.whl", hash = "sha256:711ffd45bf766d5264d487b917733b453d917afd2b0ad65223959f59089f875b"},
    {file = "pytest-9.0.2.tar.gz", hash = "sha256:75186651a92bd89611d1d9fc20f0b4345fd827c41ccd5c299a868a05d70edf11"},
]

[package.dependencies]
colorama = {version = ">=0.4", markers = "sys_platform == \"win32\""}
iniconfig = ">=1.0.1"
packaging = ">=22"
pluggy = ">=1.5,<2"
pygments = ">=2.7.2"

[package.extras]
dev = ["argcomplete", "attrs (>=19.2)", "hypothesis (>=3.56)", "mock", "requests", "setuptools", "xmlschema"]

[[package]]
name = "python-dateutil"
version = "2.8.2"
description = "Extensions to the standard Python datetime module"
optional = false
python-versions = "!=3.0.*,!=3.1.*,!=3.2.*,>=2.7"
groups = ["main"]
files = [
    {file = "python-dateutil-2.8.2.tar.gz", hash = "sha256:0123cacc1627ae19ddf3c27a5de5bd67ee4586fbdd6440d9748f8abb483d3e86"},
    {file = "python_dateutil-2.8.2-py2.py3-none-any.whl", hash = "sha256:961d03dc3453ebbc59dbdea9e4e11c5651520a876d0f4db161e8674aae935da9"},
]

[package.dependencies]
six = ">=1.5"

[[package]]
name = "six"
version = "1.16.0"
description = "Python 2 and 3 compatibility utilities"
optional = false
python-versions = ">=2.7, !=3.0.*, !=3.1.*, !=3.2.*"
groups = ["main"]
files = [
    {file = "six-1.16.0-py2.py3-none-any.whl", hash = "sha256:8abb2f1d86890a2dfb989f9a77cfcfd3e47c2a354b01111771326f8aa26e0254"},
    {file = "six-1.16.0.tar.gz", hash = "sha256:1e61c37477a1626458e36f7b1d82aa5c9b094fa4802892072e49de9c60c4c926"},
]

[[package]]
name = "tzdata"
version = "2025.2"
description = "Provider of IANA time zone data"
optional = false
python-versions = ">=2"
groups = ["main"]
markers = "sys_platform == \"win32\" or sys_platform == \"emscripten\""
files = [
    {file = "tzdata-2025.2-py2.py3-none-any.whl", hash = "sha256:1a403fada01ff9221ca8044d701868fa132215d84beb92242d9acd2147f667a8"},
    {file = "tzdata-2025.2.tar.gz", hash = "sha256:b60a638fcc0daffadf82fe0f57e53d06bdec2f36c4df66280ae79bce6bd6f2b9"},
]

[metadata]
lock-version = "2.1"
python-versions = ">=3.11"
content-hash = "a01769c8e841683ef0eed3526757b99bfada4d6a00d7e8f56fe301cf04cb62bf"
